{
  "name": "c3t-hours",
  "version": "0.0.1",
  "lockfileVersion": 2,
  "requires": true,
  "packages": {
    "": {
      "name": "c3t-hours",
      "version": "0.0.1",
      "license": "MIT",
      "devDependencies": {
        "@types/lodash": "^4.14.178",
        "@types/marked": "^3.0.1",
        "async": "^3.2.2",
        "lodash": "^4.17.21",
        "marked": "^3.0.8"
      }
    },
    "node_modules/@types/lodash": {
      "version": "4.14.178",
      "resolved": "https://registry.npmjs.org/@types/lodash/-/lodash-4.14.178.tgz",
      "integrity": "sha512-0d5Wd09ItQWH1qFbEyQ7oTQ3GZrMfth5JkbN3EvTKLXcHLRDSXeLnlvlOn0wvxVIwK5o2M8JzP/OWz7T3NRsbw==",
      "dev": true
    },
    "node_modules/@types/marked": {
      "version": "3.0.3",
      "resolved": "https://registry.npmjs.org/@types/marked/-/marked-3.0.3.tgz",
      "integrity": "sha512-ZgAr847Wl68W+B0sWH7F4fDPxTzerLnRuUXjUpp1n4NjGSs8hgPAjAp7NQIXblG34MXTrf5wWkAK8PVJ2LIlVg==",
      "dev": true
    },
    "node_modules/async": {
      "version": "3.2.2",
      "resolved": "https://registry.npmjs.org/async/-/async-3.2.2.tgz",
      "integrity": "sha512-H0E+qZaDEfx/FY4t7iLRv1W2fFI6+pyCeTw1uN20AQPiwqwM6ojPxHxdLv4z8hi2DtnW9BOckSspLucW7pIE5g==",
      "dev": true
    },
    "node_modules/lodash": {
      "version": "4.17.21",
      "resolved": "https://registry.npmjs.org/lodash/-/lodash-4.17.21.tgz",
      "integrity": "sha512-v2kDEe57lecTulaDIuNTPy3Ry4gLGJ6Z1O3vE1krgXZNrsQ+LFTGHVxVjcXPs17LhbZVGedAJv8XZ1tvj5FvSg==",
      "dev": true
    },
    "node_modules/marked": {
      "version": "3.0.8",
      "resolved": "https://registry.npmjs.org/marked/-/marked-3.0.8.tgz",
      "integrity": "sha512-0gVrAjo5m0VZSJb4rpL59K1unJAMb/hm8HRXqasD8VeC8m91ytDPMritgFSlKonfdt+rRYYpP/JfLxgIX8yoSw==",
      "dev": true,
      "bin": {
        "marked": "bin/marked"
      },
      "engines": {
        "node": ">= 12"
      }
    }
  },
  "dependencies": {
    "@types/lodash": {
      "version": "4.14.178",
      "resolved": "https://registry.npmjs.org/@types/lodash/-/lodash-4.14.178.tgz",
      "integrity": "sha512-0d5Wd09ItQWH1qFbEyQ7oTQ3GZrMfth5JkbN3EvTKLXcHLRDSXeLnlvlOn0wvxVIwK5o2M8JzP/OWz7T3NRsbw==",
      "dev": true
    },
    "@types/marked": {
      "version": "3.0.3",
      "resolved": "https://registry.npmjs.org/@types/marked/-/marked-3.0.3.tgz",
      "integrity": "sha512-ZgAr847Wl68W+B0sWH7F4fDPxTzerLnRuUXjUpp1n4NjGSs8hgPAjAp7NQIXblG34MXTrf5wWkAK8PVJ2LIlVg==",
      "dev": true
    },
    "async": {
      "version": "3.2.2",
      "resolved": "https://registry.npmjs.org/async/-/async-3.2.2.tgz",
      "integrity": "sha512-H0E+qZaDEfx/FY4t7iLRv1W2fFI6+pyCeTw1uN20AQPiwqwM6ojPxHxdLv4z8hi2DtnW9BOckSspLucW7pIE5g==",
      "dev": true
    },
    "lodash": {
      "version": "4.17.21",
      "resolved": "https://registry.npmjs.org/lodash/-/lodash-4.17.21.tgz",
      "integrity": "sha512-v2kDEe57lecTulaDIuNTPy3Ry4gLGJ6Z1O3vE1krgXZNrsQ+LFTGHVxVjcXPs17LhbZVGedAJv8XZ1tvj5FvSg==",
      "dev": true
    },
    "marked": {
      "version": "3.0.8",
      "resolved": "https://registry.npmjs.org/marked/-/marked-3.0.8.tgz",
      "integrity": "sha512-0gVrAjo5m0VZSJb4rpL59K1unJAMb/hm8HRXqasD8VeC8m91ytDPMritgFSlKonfdt+rRYYpP/JfLxgIX8yoSw==",
      "dev": true
    }
  }
}
